
Microsoft Visual Studio Solution File, Format Version 12.00
# Visual Studio Version 16
VisualStudioVersion = 25.0.1700.6
MinimumVisualStudioVersion = 10.0.40219.1
Project("{FAE04EC0-301F-11D3-BF4B-00C04F79EFBC}") = "BlazorMatchGame", "BlazorMatchGame\BlazorMatchGame.csproj", "{C3F18573-DBA2-46D6-A1C6-4D8BD0FAFF51}"
EndProject
Global
	GlobalSection(SolutionConfigurationPlatforms) = preSolution
		Debug|Any CPU = Debug|Any CPU
		Release|Any CPU = Release|Any CPU
	EndGlobalSection
	GlobalSection(ProjectConfigurationPlatforms) = postSolution
		{C3F18573-DBA2-46D6-A1C6-4D8BD0FAFF51}.Debug|Any CPU.ActiveCfg = Debug|Any CPU
		{C3F18573-DBA2-46D6-A1C6-4D8BD0FAFF51}.Debug|Any CPU.Build.0 = Debug|Any CPU
		{C3F18573-DBA2-46D6-A1C6-4D8BD0FAFF51}.Release|Any CPU.ActiveCfg = Release|Any CPU
		{C3F18573-DBA2-46D6-A1C6-4D8BD0FAFF51}.Release|Any CPU.Build.0 = Release|Any CPU
	EndGlobalSection
	GlobalSection(SolutionProperties) = preSolution
		HideSolutionNode = FALSE
	EndGlobalSection
	GlobalSection(ExtensibilityGlobals) = postSolution
		SolutionGuid = {E7100317-1744-4AD6-A4A0-EC476F91B8AA}
	EndGlobalSection
EndGlobal
